// !$*UTF8*$!
{
	archiveVersion = 1;
	classes = {
	};
	objectVersion = 46;
	objects = {

/* Begin PBXBuildFile section */
		88079D3A197CAAEA00D627D0 /* TNTMasterViewController.m in Sources */ = {isa = PBXBuildFile; fileRef = 88079D39197CAAEA00D627D0 /* TNTMasterViewController.m */; };
		883A4DD31970D99D0014D392 /* TNTAlertViewController.m in Sources */ = {isa = PBXBuildFile; fileRef = 883A4DD21970D99D0014D392 /* TNTAlertViewController.m */; };
		887681E4197F656800333C80 /* TNTNavigationController.m in Sources */ = {isa = PBXBuildFile; fileRef = 887681E3197F656800333C80 /* TNTNavigationController.m */; };
		88BE38E21970B40D008DCBCA /* Foundation.framework in Frameworks */ = {isa = PBXBuildFile; fileRef = 88BE38E11970B40D008DCBCA /* Foundation.framework */; };
		88BE38E41970B40D008DCBCA /* CoreGraphics.framework in Frameworks */ = {isa = PBXBuildFile; fileRef = 88BE38E31970B40D008DCBCA /* CoreGraphics.framework */; };
		88BE38E61970B40D008DCBCA /* UIKit.framework in Frameworks */ = {isa = PBXBuildFile; fileRef = 88BE38E51970B40D008DCBCA /* UIKit.framework */; };
		88BE38EC1970B40D008DCBCA /* InfoPlist.strings in Resources */ = {isa = PBXBuildFile; fileRef = 88BE38EA1970B40D008DCBCA /* InfoPlist.strings */; };
		88BE38EE1970B40D008DCBCA /* main.m in Sources */ = {isa = PBXBuildFile; fileRef = 88BE38ED1970B40D008DCBCA /* main.m */; };
		88BE38F21970B40D008DCBCA /* TNTAppDelegate.m in Sources */ = {isa = PBXBuildFile; fileRef = 88BE38F11970B40D008DCBCA /* TNTAppDelegate.m */; };
		88BE38F51970B40D008DCBCA /* Main.storyboard in Resources */ = {isa = PBXBuildFile; fileRef = 88BE38F31970B40D008DCBCA /* Main.storyboard */; };
		88BE38F81970B40D008DCBCA /* TNTViewController.m in Sources */ = {isa = PBXBuildFile; fileRef = 88BE38F71970B40D008DCBCA /* TNTViewController.m */; };
		88BE38FA1970B40D008DCBCA /* Images.xcassets in Resources */ = {isa = PBXBuildFile; fileRef = 88BE38F91970B40D008DCBCA /* Images.xcassets */; };
		88BE39011970B40D008DCBCA /* XCTest.framework in Frameworks */ = {isa = PBXBuildFile; fileRef = 88BE39001970B40D008DCBCA /* XCTest.framework */; };
		88BE39021970B40D008DCBCA /* Foundation.framework in Frameworks */ = {isa = PBXBuildFile; fileRef = 88BE38E11970B40D008DCBCA /* Foundation.framework */; };
		88BE39031970B40D008DCBCA /* UIKit.framework in Frameworks */ = {isa = PBXBuildFile; fileRef = 88BE38E51970B40D008DCBCA /* UIKit.framework */; };
		88BE390B1970B40D008DCBCA /* InfoPlist.strings in Resources */ = {isa = PBXBuildFile; fileRef = 88BE39091970B40D008DCBCA /* InfoPlist.strings */; };
		88BE390D1970B40D008DCBCA /* AlertViewTests.m in Sources */ = {isa = PBXBuildFile; fileRef = 88BE390C1970B40D008DCBCA /* AlertViewTests.m */; };
/* End PBXBuildFile section */

/* Begin PBXContainerItemProxy section */
		88BE39041970B40D008DCBCA /* PBXContainerItemProxy */ = {
			isa = PBXContainerItemProxy;
			containerPortal = 88BE38D61970B40D008DCBCA /* Project object */;
			proxyType = 1;
			remoteGlobalIDString = 88BE38DD1970B40D008DCBCA;
			remoteInfo = AlertView;
		};
/* End PBXContainerItemProxy section */

/* Begin PBXFileReference section */
		88079D38197CAAEA00D627D0 /* TNTMasterViewController.h */ = {isa = PBXFileReference; fileEncoding = 4; lastKnownFileType = sourcecode.c.h; path = TNTMasterViewController.h; sourceTree = "<group>"; };
		88079D39197CAAEA00D627D0 /* TNTMasterViewController.m */ = {isa = PBXFileReference; fileEncoding = 4; lastKnownFileType = sourcecode.c.objc; path = TNTMasterViewController.m; sourceTree = "<group>"; };
		883A4DD11970D99D0014D392 /* TNTAlertViewController.h */ = {isa = PBXFileReference; fileEncoding = 4; lastKnownFileType = sourcecode.c.h; path = TNTAlertViewController.h; sourceTree = "<group>"; };
		883A4DD21970D99D0014D392 /* TNTAlertViewController.m */ = {isa = PBXFileReference; fileEncoding = 4; lastKnownFileType = sourcecode.c.objc; path = TNTAlertViewController.m; sourceTree = "<group>"; };
		887681E2197F656800333C80 /* TNTNavigationController.h */ = {isa = PBXFileReference; fileEncoding = 4; lastKnownFileType = sourcecode.c.h; path = TNTNavigationController.h; sourceTree = "<group>"; };
		887681E3197F656800333C80 /* TNTNavigationController.m */ = {isa = PBXFileReference; fileEncoding = 4; lastKnownFileType = sourcecode.c.objc; path = TNTNavigationController.m; sourceTree = "<group>"; };
		88BE38DE1970B40D008DCBCA /* AlertView.app */ = {isa = PBXFileReference; explicitFileType = wrapper.application; includeInIndex = 0; path = AlertView.app; sourceTree = BUILT_PRODUCTS_DIR; };
		88BE38E11970B40D008DCBCA /* Foundation.framework */ = {isa = PBXFileReference; lastKnownFileType = wrapper.framework; name = Foundation.framework; path = System/Library/Frameworks/Foundation.framework; sourceTree = SDKROOT; };
		88BE38E31970B40D008DCBCA /* CoreGraphics.framework */ = {isa = PBXFileReference; lastKnownFileType = wrapper.framework; name = CoreGraphics.framework; path = System/Library/Frameworks/CoreGraphics.framework; sourceTree = SDKROOT; };
		88BE38E51970B40D008DCBCA /* UIKit.framework */ = {isa = PBXFileReference; lastKnownFileType = wrapper.framework; name = UIKit.framework; path = System/Library/Frameworks/UIKit.framework; sourceTree = SDKROOT; };
		88BE38E91970B40D008DCBCA /* AlertView-Info.plist */ = {isa = PBXFileReference; lastKnownFileType = text.plist.xml; path = "AlertView-Info.plist"; sourceTree = "<group>"; };
		88BE38EB1970B40D008DCBCA /* en */ = {isa = PBXFileReference; lastKnownFileType = text.plist.strings; name = en; path = en.lproj/InfoPlist.strings; sourceTree = "<group>"; };
		88BE38ED1970B40D008DCBCA /* main.m */ = {isa = PBXFileReference; lastKnownFileType = sourcecode.c.objc; path = main.m; sourceTree = "<group>"; };
		88BE38EF1970B40D008DCBCA /* AlertView-Prefix.pch */ = {isa = PBXFileReference; lastKnownFileType = sourcecode.c.h; path = "AlertView-Prefix.pch"; sourceTree = "<group>"; };
		88BE38F01970B40D008DCBCA /* TNTAppDelegate.h */ = {isa = PBXFileReference; lastKnownFileType = sourcecode.c.h; path = TNTAppDelegate.h; sourceTree = "<group>"; };
		88BE38F11970B40D008DCBCA /* TNTAppDelegate.m */ = {isa = PBXFileReference; lastKnownFileType = sourcecode.c.objc; path = TNTAppDelegate.m; sourceTree = "<group>"; };
		88BE38F41970B40D008DCBCA /* Base */ = {isa = PBXFileReference; lastKnownFileType = file.storyboard; name = Base; path = Base.lproj/Main.storyboard; sourceTree = "<group>"; };
		88BE38F61970B40D008DCBCA /* TNTViewController.h */ = {isa = PBXFileReference; lastKnownFileType = sourcecode.c.h; path = TNTViewController.h; sourceTree = "<group>"; };
		88BE38F71970B40D008DCBCA /* TNTViewController.m */ = {isa = PBXFileReference; lastKnownFileType = sourcecode.c.objc; path = TNTViewController.m; sourceTree = "<group>"; };
		88BE38F91970B40D008DCBCA /* Images.xcassets */ = {isa = PBXFileReference; lastKnownFileType = folder.assetcatalog; path = Images.xcassets; sourceTree = "<group>"; };
		88BE38FF1970B40D008DCBCA /* AlertViewTests.xctest */ = {isa = PBXFileReference; explicitFileType = wrapper.cfbundle; includeInIndex = 0; path = AlertViewTests.xctest; sourceTree = BUILT_PRODUCTS_DIR; };
		88BE39001970B40D008DCBCA /* XCTest.framework */ = {isa = PBXFileReference; lastKnownFileType = wrapper.framework; name = XCTest.framework; path = Library/Frameworks/XCTest.framework; sourceTree = DEVELOPER_DIR; };
		88BE39081970B40D008DCBCA /* AlertViewTests-Info.plist */ = {isa = PBXFileReference; lastKnownFileType = text.plist.xml; path = "AlertViewTests-Info.plist"; sourceTree = "<group>"; };
		88BE390A1970B40D008DCBCA /* en */ = {isa = PBXFileReference; lastKnownFileType = text.plist.strings; name = en; path = en.lproj/InfoPlist.strings; sourceTree = "<group>"; };
		88BE390C1970B40D008DCBCA /* AlertViewTests.m */ = {isa = PBXFileReference; lastKnownFileType = sourcecode.c.objc; path = AlertViewTests.m; sourceTree = "<group>"; };
/* End PBXFileReference section */

/* Begin PBXFrameworksBuildPhase section */
		88BE38DB1970B40D008DCBCA /* Frameworks */ = {
			isa = PBXFrameworksBuildPhase;
			buildActionMask = 2147483647;
			files = (
				88BE38E41970B40D008DCBCA /* CoreGraphics.framework in Frameworks */,
				88BE38E61970B40D008DCBCA /* UIKit.framework in Frameworks */,
				88BE38E21970B40D008DCBCA /* Foundation.framework in Frameworks */,
			);
			runOnlyForDeploymentPostprocessing = 0;
		};
		88BE38FC1970B40D008DCBCA /* Frameworks */ = {
			isa = PBXFrameworksBuildPhase;
			buildActionMask = 2147483647;
			files = (
				88BE39011970B40D008DCBCA /* XCTest.framework in Frameworks */,
				88BE39031970B40D008DCBCA /* UIKit.framework in Frameworks */,
				88BE39021970B40D008DCBCA /* Foundation.framework in Frameworks */,
			);
			runOnlyForDeploymentPostprocessing = 0;
		};
/* End PBXFrameworksBuildPhase section */

/* Begin PBXGroup section */
		88BE38D51970B40D008DCBCA = {
			isa = PBXGroup;
			children = (
				88BE38E71970B40D008DCBCA /* AlertView */,
				88BE39061970B40D008DCBCA /* AlertViewTests */,
				88BE38E01970B40D008DCBCA /* Frameworks */,
				88BE38DF1970B40D008DCBCA /* Products */,
			);
			sourceTree = "<group>";
		};
		88BE38DF1970B40D008DCBCA /* Products */ = {
			isa = PBXGroup;
			children = (
				88BE38DE1970B40D008DCBCA /* AlertView.app */,
				88BE38FF1970B40D008DCBCA /* AlertViewTests.xctest */,
			);
			name = Products;
			sourceTree = "<group>";
		};
		88BE38E01970B40D008DCBCA /* Frameworks */ = {
			isa = PBXGroup;
			children = (
				88BE38E11970B40D008DCBCA /* Foundation.framework */,
				88BE38E31970B40D008DCBCA /* CoreGraphics.framework */,
				88BE38E51970B40D008DCBCA /* UIKit.framework */,
				88BE39001970B40D008DCBCA /* XCTest.framework */,
			);
			name = Frameworks;
			sourceTree = "<group>";
		};
		88BE38E71970B40D008DCBCA /* AlertView */ = {
			isa = PBXGroup;
			children = (
				887681E2197F656800333C80 /* TNTNavigationController.h */,
				887681E3197F656800333C80 /* TNTNavigationController.m */,
				88BE38F01970B40D008DCBCA /* TNTAppDelegate.h */,
				88BE38F11970B40D008DCBCA /* TNTAppDelegate.m */,
				88BE38F31970B40D008DCBCA /* Main.storyboard */,
				88079D38197CAAEA00D627D0 /* TNTMasterViewController.h */,
				88079D39197CAAEA00D627D0 /* TNTMasterViewController.m */,
				883A4DD11970D99D0014D392 /* TNTAlertViewController.h */,
				883A4DD21970D99D0014D392 /* TNTAlertViewController.m */,
				88BE38F61970B40D008DCBCA /* TNTViewController.h */,
				88BE38F71970B40D008DCBCA /* TNTViewController.m */,
				88BE38F91970B40D008DCBCA /* Images.xcassets */,
				88BE38E81970B40D008DCBCA /* Supporting Files */,
			);
			path = AlertView;
			sourceTree = "<group>";
		};
		88BE38E81970B40D008DCBCA /* Supporting Files */ = {
			isa = PBXGroup;
			children = (
				88BE38E91970B40D008DCBCA /* AlertView-Info.plist */,
				88BE38EA1970B40D008DCBCA /* InfoPlist.strings */,
				88BE38ED1970B40D008DCBCA /* main.m */,
				88BE38EF1970B40D008DCBCA /* AlertView-Prefix.pch */,
			);
			name = "Supporting Files";
			sourceTree = "<group>";
		};
		88BE39061970B40D008DCBCA /* AlertViewTests */ = {
			isa = PBXGroup;
			children = (
				88BE390C1970B40D008DCBCA /* AlertViewTests.m */,
				88BE39071970B40D008DCBCA /* Supporting Files */,
			);
			path = AlertViewTests;
			sourceTree = "<group>";
		};
		88BE39071970B40D008DCBCA /* Supporting Files */ = {
			isa = PBXGroup;
			children = (
				88BE39081970B40D008DCBCA /* AlertViewTests-Info.plist */,
				88BE39091970B40D008DCBCA /* InfoPlist.strings */,
			);
			name = "Supporting Files";
			sourceTree = "<group>";
		};
/* End PBXGroup section */

/* Begin PBXNativeTarget section */
		88BE38DD1970B40D008DCBCA /* AlertView */ = {
			isa = PBXNativeTarget;
			buildConfigurationList = 88BE39101970B40D008DCBCA /* Build configuration list for PBXNativeTarget "AlertView" */;
			buildPhases = (
				88BE38DA1970B40D008DCBCA /* Sources */,
				88BE38DB1970B40D008DCBCA /* Frameworks */,
				88BE38DC1970B40D008DCBCA /* Resources */,
			);
			buildRules = (
			);
			dependencies = (
			);
			name = AlertView;
			productName = AlertView;
			productReference = 88BE38DE1970B40D008DCBCA /* AlertView.app */;
			productType = "com.apple.product-type.application";
		};
		88BE38FE1970B40D008DCBCA /* AlertViewTests */ = {
			isa = PBXNativeTarget;
			buildConfigurationList = 88BE39131970B40D008DCBCA /* Build configuration list for PBXNativeTarget "AlertViewTests" */;
			buildPhases = (
				88BE38FB1970B40D008DCBCA /* Sources */,
				88BE38FC1970B40D008DCBCA /* Frameworks */,
				88BE38FD1970B40D008DCBCA /* Resources */,
			);
			buildRules = (
			);
			dependencies = (
				88BE39051970B40D008DCBCA /* PBXTargetDependency */,
			);
			name = AlertViewTests;
			productName = AlertViewTests;
			productReference = 88BE38FF1970B40D008DCBCA /* AlertViewTests.xctest */;
			productType = "com.apple.product-type.bundle.unit-test";
		};
/* End PBXNativeTarget section */

/* Begin PBXProject section */
		88BE38D61970B40D008DCBCA /* Project object */ = {
			isa = PBXProject;
			attributes = {
				CLASSPREFIX = TNT;
				LastUpgradeCheck = 0510;
				ORGANIZATIONNAME = "The New Tricks";
				TargetAttributes = {
					88BE38FE1970B40D008DCBCA = {
						TestTargetID = 88BE38DD1970B40D008DCBCA;
					};
				};
			};
			buildConfigurationList = 88BE38D91970B40D008DCBCA /* Build configuration list for PBXProject "AlertView" */;
			compatibilityVersion = "Xcode 3.2";
			developmentRegion = English;
			hasScannedForEncodings = 0;
			knownRegions = (
				en,
				Base,
			);
			mainGroup = 88BE38D51970B40D008DCBCA;
			productRefGroup = 88BE38DF1970B40D008DCBCA /* Products */;
			projectDirPath = "";
			projectRoot = "";
			targets = (
				88BE38DD1970B40D008DCBCA /* AlertView */,
				88BE38FE1970B40D008DCBCA /* AlertViewTests */,
			);
		};
/* End PBXProject section */

/* Begin PBXResourcesBuildPhase section */
		88BE38DC1970B40D008DCBCA /* Resources */ = {
			isa = PBXResourcesBuildPhase;
			buildActionMask = 2147483647;
			files = (
				88BE38FA1970B40D008DCBCA /* Images.xcassets in Resources */,
				88BE38EC1970B40D008DCBCA /* InfoPlist.strings in Resources */,
				88BE38F51970B40D008DCBCA /* Main.storyboard in Resources */,
			);
			runOnlyForDeploymentPostprocessing = 0;
		};
		88BE38FD1970B40D008DCBCA /* Resources */ = {
			isa = PBXResourcesBuildPhase;
			buildActionMask = 2147483647;
			files = (
				88BE390B1970B40D008DCBCA /* InfoPlist.strings in Resources */,
			);
			runOnlyForDeploymentPostprocessing = 0;
		};
/* End PBXResourcesBuildPhase section */

/* Begin PBXSourcesBuildPhase section */
		88BE38DA1970B40D008DCBCA /* Sources */ = {
			isa = PBXSourcesBuildPhase;
			buildActionMask = 2147483647;
			files = (
				887681E4197F656800333C80 /* TNTNavigationController.m in Sources */,
				883A4DD31970D99D0014D392 /* TNTAlertViewController.m in Sources */,
				88BE38EE1970B40D008DCBCA /* main.m in Sources */,
				88BE38F21970B40D008DCBCA /* TNTAppDelegate.m in Sources */,
				88079D3A197CAAEA00D627D0 /* TNTMasterViewController.m in Sources */,
				88BE38F81970B40D008DCBCA /* TNTViewController.m in Sources */,
			);
			runOnlyForDeploymentPostprocessing = 0;
		};
		88BE38FB1970B40D008DCBCA /* Sources */ = {
			isa = PBXSourcesBuildPhase;
			buildActionMask = 2147483647;
			files = (
				88BE390D1970B40D008DCBCA /* AlertViewTests.m in Sources */,
			);
			runOnlyForDeploymentPostprocessing = 0;
		};
/* End PBXSourcesBuildPhase section */

/* Begin PBXTargetDependency section */
		88BE39051970B40D008DCBCA /* PBXTargetDependency */ = {
			isa = PBXTargetDependency;
			target = 88BE38DD1970B40D008DCBCA /* AlertView */;
			targetProxy = 88BE39041970B40D008DCBCA /* PBXContainerItemProxy */;
		};
/* End PBXTargetDependency section */

/* Begin PBXVariantGroup section */
		88BE38EA1970B40D008DCBCA /* InfoPlist.strings */ = {
			isa = PBXVariantGroup;
			children = (
				88BE38EB1970B40D008DCBCA /* en */,
			);
			name = InfoPlist.strings;
			sourceTree = "<group>";
		};
		88BE38F31970B40D008DCBCA /* Main.storyboard */ = {
			isa = PBXVariantGroup;
			children = (
				88BE38F41970B40D008DCBCA /* Base */,
			);
			name = Main.storyboard;
			sourceTree = "<group>";
		};
		88BE39091970B40D008DCBCA /* InfoPlist.strings */ = {
			isa = PBXVariantGroup;
			children = (
				88BE390A1970B40D008DCBCA /* en */,
			);
			name = InfoPlist.strings;
			sourceTree = "<group>";
		};
/* End PBXVariantGroup section */

/* Begin XCBuildConfiguration section */
		88BE390E1970B40D008DCBCA /* Debug */ = {
			isa = XCBuildConfiguration;
			buildSettings = {
				ALWAYS_SEARCH_USER_PATHS = NO;
				CLANG_CXX_LANGUAGE_STANDARD = "gnu++0x";
				CLANG_CXX_LIBRARY = "libc++";
				CLANG_ENABLE_MODULES = YES;
				CLANG_ENABLE_OBJC_ARC = YES;
				CLANG_WARN_BOOL_CONVERSION = YES;
				CLANG_WARN_CONSTANT_CONVERSION = YES;
				CLANG_WARN_DIRECT_OBJC_ISA_USAGE = YES_ERROR;
				CLANG_WARN_EMPTY_BODY = YES;
				CLANG_WARN_ENUM_CONVERSION = YES;
				CLANG_WARN_INT_CONVERSION = YES;
				CLANG_WARN_OBJC_ROOT_CLASS = YES_ERROR;
				CLANG_WARN__DUPLICATE_METHOD_MATCH = YES;
				"CODE_SIGN_IDENTITY[sdk=iphoneos*]" = "iPhone Developer";
				COPY_PHASE_STRIP = NO;
				GCC_C_LANGUAGE_STANDARD = gnu99;
				GCC_DYNAMIC_NO_PIC = NO;
				GCC_OPTIMIZATION_LEVEL = 0;
				GCC_PREPROCESSOR_DEFINITIONS = (
					"DEBUG=1",
					"$(inherited)",
				);
				GCC_SYMBOLS_PRIVATE_EXTERN = NO;
				GCC_WARN_64_TO_32_BIT_CONVERSION = YES;
				GCC_WARN_ABOUT_RETURN_TYPE = YES_ERROR;
				GCC_WARN_UNDECLARED_SELECTOR = YES;
				GCC_WARN_UNINITIALIZED_AUTOS = YES_AGGRESSIVE;
				GCC_WARN_UNUSED_FUNCTION = YES;
				GCC_WARN_UNUSED_VARIABLE = YES;
				IPHONEOS_DEPLOYMENT_TARGET = 7.1;
				ONLY_ACTIVE_ARCH = YES;
				SDKROOT = iphoneos;
			};
			name = Debug;
		};
		88BE390F1970B40D008DCBCA /* Release */ = {
			isa = XCBuildConfiguration;
			buildSettings = {
				ALWAYS_SEARCH_USER_PATHS = NO;
				CLANG_CXX_LANGUAGE_STANDARD = "gnu++0x";
				CLANG_CXX_LIBRARY = "libc++";
				CLANG_ENABLE_MODULES = YES;
				CLANG_ENABLE_OBJC_ARC = YES;
				CLANG_WARN_BOOL_CONVERSION = YES;
				CLANG_WARN_CONSTANT_CONVERSION = YES;
				CLANG_WARN_DIRECT_OBJC_ISA_USAGE = YES_ERROR;
				CLANG_WARN_EMPTY_BODY = YES;
				CLANG_WARN_ENUM_CONVERSION = YES;
				CLANG_WARN_INT_CONVERSION = YES;
				CLANG_WARN_OBJC_ROOT_CLASS = YES_ERROR;
				CLANG_WARN__DUPLICATE_METHOD_MATCH = YES;
				"CODE_SIGN_IDENTITY[sdk=iphoneos*]" = "iPhone Developer";
				COPY_PHASE_STRIP = YES;
				ENABLE_NS_ASSERTIONS = NO;
				GCC_C_LANGUAGE_STANDARD = gnu99;
				GCC_WARN_64_TO_32_BIT_CONVERSION = YES;
				GCC_WARN_ABOUT_RETURN_TYPE = YES_ERROR;
				GCC_WARN_UNDECLARED_SELECTOR = YES;
				GCC_WARN_UNINITIALIZED_AUTOS = YES_AGGRESSIVE;
				GCC_WARN_UNUSED_FUNCTION = YES;
				GCC_WARN_UNUSED_VARIABLE = YES;
				IPHONEOS_DEPLOYMENT_TARGET = 7.1;
				SDKROOT = iphoneos;
				VALIDATE_PRODUCT = YES;
			};
			name = Release;
		};
		88BE39111970B40D008DCBCA /* Debug */ = {
			isa = XCBuildConfiguration;
			buildSettings = {
				ASSETCATALOG_COMPILER_APPICON_NAME = AppIcon;
				ASSETCATALOG_COMPILER_LAUNCHIMAGE_NAME = LaunchImage;
				GCC_PRECOMPILE_PREFIX_HEADER = YES;
				GCC_PREFIX_HEADER = "AlertView/AlertView-Prefix.pch";
				INFOPLIST_FILE = "AlertView/AlertView-Info.plist";
				PRODUCT_NAME = "$(TARGET_NAME)";
				WRAPPER_EXTENSION = app;
			};
			name = Debug;
		};
		88BE39121970B40D008DCBCA /* Release */ = {
			isa = XCBuildConfiguration;
			buildSettings = {
				ASSETCATALOG_COMPILER_APPICON_NAME = AppIcon;
				ASSETCATALOG_COMPILER_LAUNCHIMAGE_NAME = LaunchImage;
				GCC_PRECOMPILE_PREFIX_HEADER = YES;
				GCC_PREFIX_HEADER = "AlertView/AlertView-Prefix.pch";
				INFOPLIST_FILE = "AlertView/AlertView-Info.plist";
				PRODUCT_NAME = "$(TARGET_NAME)";
				WRAPPER_EXTENSION = app;
			};
			name = Release;
		};
		88BE39141970B40D008DCBCA /* Debug */ = {
			isa = XCBuildConfiguration;
			buildSettings = {
				BUNDLE_LOADER = "$(BUILT_PRODUCTS_DIR)/AlertView.app/AlertView";
				FRAMEWORK_SEARCH_PATHS = (
					"$(SDKROOT)/Developer/Library/Frameworks",
					"$(inherited)",
					"$(DEVELOPER_FRAMEWORKS_DIR)",
				);
				GCC_PRECOMPILE_PREFIX_HEADER = YES;
				GCC_PREFIX_HEADER = "AlertView/AlertView-Prefix.pch";
				GCC_PREPROCESSOR_DEFINITIONS = (
					"DEBUG=1",
					"$(inherited)",
				);
				INFOPLIST_FILE = "AlertViewTests/AlertViewTests-Info.plist";
				PRODUCT_NAME = "$(TARGET_NAME)";
				TEST_HOST = "$(BUNDLE_LOADER)";
				WRAPPER_EXTENSION = xctest;
			};
			name = Debug;
		};
		88BE39151970B40D008DCBCA /* Release */ = {
			isa = XCBuildConfiguration;
			buildSettings = {
				BUNDLE_LOADER = "$(BUILT_PRODUCTS_DIR)/AlertView.app/AlertView";
				FRAMEWORK_SEARCH_PATHS = (
					"$(SDKROOT)/Developer/Library/Frameworks",
					"$(inherited)",
					"$(DEVELOPER_FRAMEWORKS_DIR)",
				);
				GCC_PRECOMPILE_PREFIX_HEADER = YES;
				GCC_PREFIX_HEADER = "AlertView/AlertView-Prefix.pch";
				INFOPLIST_FILE = "AlertViewTests/AlertViewTests-Info.plist";
				PRODUCT_NAME = "$(TARGET_NAME)";
				TEST_HOST = "$(BUNDLE_LOADER)";
				WRAPPER_EXTENSION = xctest;
			};
			name = Release;
		};
/* End XCBuildConfiguration section */

/* Begin XCConfigurationList section */
		88BE38D91970B40D008DCBCA /* Build configuration list for PBXProject "AlertView" */ = {
			isa = XCConfigurationList;
			buildConfigurations = (
				88BE390E1970B40D008DCBCA /* Debug */,
				88BE390F1970B40D008DCBCA /* Release */,
			);
			defaultConfigurationIsVisible = 0;
			defaultConfigurationName = Release;
		};
		88BE39101970B40D008DCBCA /* Build configuration list for PBXNativeTarget "AlertView" */ = {
			isa = XCConfigurationList;
			buildConfigurations = (
				88BE39111970B40D008DCBCA /* Debug */,
				88BE39121970B40D008DCBCA /* Release */,
			);
			defaultConfigurationIsVisible = 0;
			defaultConfigurationName = Release;
		};
		88BE39131970B40D008DCBCA /* Build configuration list for PBXNativeTarget "AlertViewTests" */ = {
			isa = XCConfigurationList;
			buildConfigurations = (
				88BE39141970B40D008DCBCA /* Debug */,
				88BE39151970B40D008DCBCA /* Release */,
			);
			defaultConfigurationIsVisible = 0;
			defaultConfigurationName = Release;
		};
/* End XCConfigurationList section */
	};
	rootObject = 88BE38D61970B40D008DCBCA /* Project object */;
}
